# THIS IS AN AUTOGENERATED FILE. DO NOT EDIT THIS FILE DIRECTLY.
# yarn lockfile v1


date-fns@^2.0.0-beta.2:
  version "2.0.0-beta.2"
  resolved "https://registry.yarnpkg.com/date-fns/-/date-fns-2.0.0-beta.2.tgz#ccd556df832ef761baa88c600f53d2e829245999"
  integrity sha512-4cicZF707RNerr3/Q3CcdLo+3OHMCfrRXE7h5iFgn7AMvX07sqKLxSf8Yp+WJW5bvKr2cy9/PkctXLv4iFtOaA==
